github.com/joho/godotenv v1.5.1 h1:7eLL/+HRGLY0ldzfGMeQkb7vMd0as4CfYvUVzLqw0N0=
github.com/joho/godotenv v1.5.1/go.mod h1:f4LDr5Voq0i2e/R5DDNOoa2zzDfwtkZa6DnEwAbqwq4=
github.com/rs/cors v1.10.1 h1:L0uuZVXIKlI1SShY2nhFfo44TYvDPQ1w4oFkUJNfhyo=
github.com/rs/cors v1.10.1/go.mod h1:XyqrcTp5zjWr1wsJ8PIRZssZ8b/WMcMf71DJnit4EMU=
github.com/tencentcloud/tencentcloud-sdk-go-intl-en v3.0.896+incompatible h1:34G4NXhyPQzlTUSLKnHmfbkSUNb3SrlfQcVMZjaVUQo=
github.com/tencentcloud/tencentcloud-sdk-go-intl-en v3.0.896+incompatible/go.mod h1:72Wo6Gt6F8d8V+njrAmduVoT9QjPwCyXktpqCWr7PUc=
